// !$*UTF8*$!
{
	archiveVersion = 1;
	classes = {
	};
	objectVersion = 46;
	objects = {

/* Begin PBXBuildFile section */
		1E6A16D61A7342C6006C1D06 /* Array+Extension.swift in Sources */ = {isa = PBXBuildFile; fileRef = 1E6A16D51A7342C6006C1D06 /* Array+Extension.swift */; };
		1E6A16D71A7342CD006C1D06 /* Array+Extension.swift in Sources */ = {isa = PBXBuildFile; fileRef = 1E6A16D51A7342C6006C1D06 /* Array+Extension.swift */; };
		1E6A16D91A735591006C1D06 /* Array+ExtensionTests.swift in Sources */ = {isa = PBXBuildFile; fileRef = 1E6A16D81A735591006C1D06 /* Array+ExtensionTests.swift */; };
		1E9A8AAE1A71F60600ABC531 /* SudokuBoard.swift in Sources */ = {isa = PBXBuildFile; fileRef = 1E9A8AAD1A71F60600ABC531 /* SudokuBoard.swift */; };
		1E9A8AB01A71F97000ABC531 /* SudokuBoardTests.swift in Sources */ = {isa = PBXBuildFile; fileRef = 1E9A8AAF1A71F97000ABC531 /* SudokuBoardTests.swift */; };
		1E9A8AB11A71F9CC00ABC531 /* SudokuBoard.swift in Sources */ = {isa = PBXBuildFile; fileRef = 1E9A8AAD1A71F60600ABC531 /* SudokuBoard.swift */; };
		1EC8DDBE1A6F554900FE44DD /* AppDelegate.swift in Sources */ = {isa = PBXBuildFile; fileRef = 1EC8DDBD1A6F554900FE44DD /* AppDelegate.swift */; };
		1EC8DDC01A6F554900FE44DD /* ViewController.swift in Sources */ = {isa = PBXBuildFile; fileRef = 1EC8DDBF1A6F554900FE44DD /* ViewController.swift */; };
		1EC8DDC31A6F554900FE44DD /* Main.storyboard in Resources */ = {isa = PBXBuildFile; fileRef = 1EC8DDC11A6F554900FE44DD /* Main.storyboard */; };
		1EC8DDC51A6F554900FE44DD /* Images.xcassets in Resources */ = {isa = PBXBuildFile; fileRef = 1EC8DDC41A6F554900FE44DD /* Images.xcassets */; };
		1EC8DDC81A6F554900FE44DD /* LaunchScreen.xib in Resources */ = {isa = PBXBuildFile; fileRef = 1EC8DDC61A6F554900FE44DD /* LaunchScreen.xib */; };
		1EC8DDD41A6F554900FE44DD /* SudokuSwiftTests.swift in Sources */ = {isa = PBXBuildFile; fileRef = 1EC8DDD31A6F554900FE44DD /* SudokuSwiftTests.swift */; };
		1EC8DE101A6F567500FE44DD /* SudokuCell.swift in Sources */ = {isa = PBXBuildFile; fileRef = 1EC8DE0F1A6F567500FE44DD /* SudokuCell.swift */; };
		1EC8DE121A6F588600FE44DD /* SudokuCellTests.swift in Sources */ = {isa = PBXBuildFile; fileRef = 1EC8DE111A6F588600FE44DD /* SudokuCellTests.swift */; };
		1EC8DE131A6F58CF00FE44DD /* SudokuCell.swift in Sources */ = {isa = PBXBuildFile; fileRef = 1EC8DE0F1A6F567500FE44DD /* SudokuCell.swift */; };
/* End PBXBuildFile section */

/* Begin PBXContainerItemProxy section */
		1EC8DDCE1A6F554900FE44DD /* PBXContainerItemProxy */ = {
			isa = PBXContainerItemProxy;
			containerPortal = 1EC8DDB01A6F554900FE44DD /* Project object */;
			proxyType = 1;
			remoteGlobalIDString = 1EC8DDB71A6F554900FE44DD;
			remoteInfo = SudokuSwift;
		};
/* End PBXContainerItemProxy section */

/* Begin PBXFileReference section */
		1E6A16D51A7342C6006C1D06 /* Array+Extension.swift */ = {isa = PBXFileReference; fileEncoding = 4; lastKnownFileType = sourcecode.swift; path = "Array+Extension.swift"; sourceTree = "<group>"; };
		1E6A16D81A735591006C1D06 /* Array+ExtensionTests.swift */ = {isa = PBXFileReference; fileEncoding = 4; lastKnownFileType = sourcecode.swift; path = "Array+ExtensionTests.swift"; sourceTree = "<group>"; };
		1E9A8AAD1A71F60600ABC531 /* SudokuBoard.swift */ = {isa = PBXFileReference; fileEncoding = 4; lastKnownFileType = sourcecode.swift; path = SudokuBoard.swift; sourceTree = "<group>"; };
		1E9A8AAF1A71F97000ABC531 /* SudokuBoardTests.swift */ = {isa = PBXFileReference; fileEncoding = 4; lastKnownFileType = sourcecode.swift; path = SudokuBoardTests.swift; sourceTree = "<group>"; };
		1EC8DDB81A6F554900FE44DD /* SudokuSwift.app */ = {isa = PBXFileReference; explicitFileType = wrapper.application; includeInIndex = 0; path = SudokuSwift.app; sourceTree = BUILT_PRODUCTS_DIR; };
		1EC8DDBC1A6F554900FE44DD /* Info.plist */ = {isa = PBXFileReference; lastKnownFileType = text.plist.xml; path = Info.plist; sourceTree = "<group>"; };
		1EC8DDBD1A6F554900FE44DD /* AppDelegate.swift */ = {isa = PBXFileReference; lastKnownFileType = sourcecode.swift; path = AppDelegate.swift; sourceTree = "<group>"; };
		1EC8DDBF1A6F554900FE44DD /* ViewController.swift */ = {isa = PBXFileReference; lastKnownFileType = sourcecode.swift; path = ViewController.swift; sourceTree = "<group>"; };
		1EC8DDC21A6F554900FE44DD /* Base */ = {isa = PBXFileReference; lastKnownFileType = file.storyboard; name = Base; path = Base.lproj/Main.storyboard; sourceTree = "<group>"; };
		1EC8DDC41A6F554900FE44DD /* Images.xcassets */ = {isa = PBXFileReference; lastKnownFileType = folder.assetcatalog; path = Images.xcassets; sourceTree = "<group>"; };
		1EC8DDC71A6F554900FE44DD /* Base */ = {isa = PBXFileReference; lastKnownFileType = file.xib; name = Base; path = Base.lproj/LaunchScreen.xib; sourceTree = "<group>"; };
		1EC8DDCD1A6F554900FE44DD /* SudokuSwiftTests.xctest */ = {isa = PBXFileReference; explicitFileType = wrapper.cfbundle; includeInIndex = 0; path = SudokuSwiftTests.xctest; sourceTree = BUILT_PRODUCTS_DIR; };
		1EC8DDD21A6F554900FE44DD /* Info.plist */ = {isa = PBXFileReference; lastKnownFileType = text.plist.xml; path = Info.plist; sourceTree = "<group>"; };
		1EC8DDD31A6F554900FE44DD /* SudokuSwiftTests.swift */ = {isa = PBXFileReference; lastKnownFileType = sourcecode.swift; path = SudokuSwiftTests.swift; sourceTree = "<group>"; };
		1EC8DE0F1A6F567500FE44DD /* SudokuCell.swift */ = {isa = PBXFileReference; fileEncoding = 4; lastKnownFileType = sourcecode.swift; path = SudokuCell.swift; sourceTree = "<group>"; };
		1EC8DE111A6F588600FE44DD /* SudokuCellTests.swift */ = {isa = PBXFileReference; fileEncoding = 4; lastKnownFileType = sourcecode.swift; path = SudokuCellTests.swift; sourceTree = "<group>"; };
/* End PBXFileReference section */

/* Begin PBXFrameworksBuildPhase section */
		1EC8DDB51A6F554900FE44DD /* Frameworks */ = {
			isa = PBXFrameworksBuildPhase;
			buildActionMask = 2147483647;
			files = (
			);
			runOnlyForDeploymentPostprocessing = 0;
		};
		1EC8DDCA1A6F554900FE44DD /* Frameworks */ = {
			isa = PBXFrameworksBuildPhase;
			buildActionMask = 2147483647;
			files = (
			);
			runOnlyForDeploymentPostprocessing = 0;
		};
/* End PBXFrameworksBuildPhase section */

/* Begin PBXGroup section */
		1EC8DDAF1A6F554900FE44DD = {
			isa = PBXGroup;
			children = (
				1EC8DDBA1A6F554900FE44DD /* SudokuSwift */,
				1EC8DDD01A6F554900FE44DD /* SudokuSwiftTests */,
				1EC8DDB91A6F554900FE44DD /* Products */,
			);
			sourceTree = "<group>";
		};
		1EC8DDB91A6F554900FE44DD /* Products */ = {
			isa = PBXGroup;
			children = (
				1EC8DDB81A6F554900FE44DD /* SudokuSwift.app */,
				1EC8DDCD1A6F554900FE44DD /* SudokuSwiftTests.xctest */,
			);
			name = Products;
			sourceTree = "<group>";
		};
		1EC8DDBA1A6F554900FE44DD /* SudokuSwift */ = {
			isa = PBXGroup;
			children = (
				1EC8DE0E1A6F563D00FE44DD /* Model */,
				1EC8DDBD1A6F554900FE44DD /* AppDelegate.swift */,
				1EC8DDBF1A6F554900FE44DD /* ViewController.swift */,
				1EC8DDC11A6F554900FE44DD /* Main.storyboard */,
				1EC8DDC41A6F554900FE44DD /* Images.xcassets */,
				1EC8DDC61A6F554900FE44DD /* LaunchScreen.xib */,
				1EC8DDBB1A6F554900FE44DD /* Supporting Files */,
			);
			path = SudokuSwift;
			sourceTree = "<group>";
		};
		1EC8DDBB1A6F554900FE44DD /* Supporting Files */ = {
			isa = PBXGroup;
			children = (
				1EC8DDBC1A6F554900FE44DD /* Info.plist */,
			);
			name = "Supporting Files";
			sourceTree = "<group>";
		};
		1EC8DDD01A6F554900FE44DD /* SudokuSwiftTests */ = {
			isa = PBXGroup;
			children = (
				1EC8DDD31A6F554900FE44DD /* SudokuSwiftTests.swift */,
				1EC8DE111A6F588600FE44DD /* SudokuCellTests.swift */,
				1EC8DDD11A6F554900FE44DD /* Supporting Files */,
				1E9A8AAF1A71F97000ABC531 /* SudokuBoardTests.swift */,
				1E6A16D81A735591006C1D06 /* Array+ExtensionTests.swift */,
			);
			path = SudokuSwiftTests;
			sourceTree = "<group>";
		};
		1EC8DDD11A6F554900FE44DD /* Supporting Files */ = {
			isa = PBXGroup;
			children = (
				1EC8DDD21A6F554900FE44DD /* Info.plist */,
			);
			name = "Supporting Files";
			sourceTree = "<group>";
		};
		1EC8DE0E1A6F563D00FE44DD /* Model */ = {
			isa = PBXGroup;
			children = (
				1EC8DE0F1A6F567500FE44DD /* SudokuCell.swift */,
				1E9A8AAD1A71F60600ABC531 /* SudokuBoard.swift */,
				1E6A16D51A7342C6006C1D06 /* Array+Extension.swift */,
			);
			name = Model;
			sourceTree = "<group>";
		};
/* End PBXGroup section */

/* Begin PBXNativeTarget section */
		1EC8DDB71A6F554900FE44DD /* SudokuSwift */ = {
			isa = PBXNativeTarget;
			buildConfigurationList = 1EC8DDD71A6F554900FE44DD /* Build configuration list for PBXNativeTarget "SudokuSwift" */;
			buildPhases = (
				1EC8DDB41A6F554900FE44DD /* Sources */,
				1EC8DDB51A6F554900FE44DD /* Frameworks */,
				1EC8DDB61A6F554900FE44DD /* Resources */,
			);
			buildRules = (
			);
			dependencies = (
			);
			name = SudokuSwift;
			productName = SudokuSwift;
			productReference = 1EC8DDB81A6F554900FE44DD /* SudokuSwift.app */;
			productType = "com.apple.product-type.application";
		};
		1EC8DDCC1A6F554900FE44DD /* SudokuSwiftTests */ = {
			isa = PBXNativeTarget;
			buildConfigurationList = 1EC8DDDA1A6F554900FE44DD /* Build configuration list for PBXNativeTarget "SudokuSwiftTests" */;
			buildPhases = (
				1EC8DDC91A6F554900FE44DD /* Sources */,
				1EC8DDCA1A6F554900FE44DD /* Frameworks */,
				1EC8DDCB1A6F554900FE44DD /* Resources */,
			);
			buildRules = (
			);
			dependencies = (
				1EC8DDCF1A6F554900FE44DD /* PBXTargetDependency */,
			);
			name = SudokuSwiftTests;
			productName = SudokuSwiftTests;
			productReference = 1EC8DDCD1A6F554900FE44DD /* SudokuSwiftTests.xctest */;
			productType = "com.apple.product-type.bundle.unit-test";
		};
/* End PBXNativeTarget section */

/* Begin PBXProject section */
		1EC8DDB01A6F554900FE44DD /* Project object */ = {
			isa = PBXProject;
			attributes = {
				LastUpgradeCheck = 0610;
				TargetAttributes = {
					1EC8DDB71A6F554900FE44DD = {
						CreatedOnToolsVersion = 6.1.1;
					};
					1EC8DDCC1A6F554900FE44DD = {
						CreatedOnToolsVersion = 6.1.1;
						TestTargetID = 1EC8DDB71A6F554900FE44DD;
					};
				};
			};
			buildConfigurationList = 1EC8DDB31A6F554900FE44DD /* Build configuration list for PBXProject "SudokuSwift" */;
			compatibilityVersion = "Xcode 3.2";
			developmentRegion = English;
			hasScannedForEncodings = 0;
			knownRegions = (
				en,
				Base,
			);
			mainGroup = 1EC8DDAF1A6F554900FE44DD;
			productRefGroup = 1EC8DDB91A6F554900FE44DD /* Products */;
			projectDirPath = "";
			projectRoot = "";
			targets = (
				1EC8DDB71A6F554900FE44DD /* SudokuSwift */,
				1EC8DDCC1A6F554900FE44DD /* SudokuSwiftTests */,
			);
		};
/* End PBXProject section */

/* Begin PBXResourcesBuildPhase section */
		1EC8DDB61A6F554900FE44DD /* Resources */ = {
			isa = PBXResourcesBuildPhase;
			buildActionMask = 2147483647;
			files = (
				1EC8DDC31A6F554900FE44DD /* Main.storyboard in Resources */,
				1EC8DDC81A6F554900FE44DD /* LaunchScreen.xib in Resources */,
				1EC8DDC51A6F554900FE44DD /* Images.xcassets in Resources */,
			);
			runOnlyForDeploymentPostprocessing = 0;
		};
		1EC8DDCB1A6F554900FE44DD /* Resources */ = {
			isa = PBXResourcesBuildPhase;
			buildActionMask = 2147483647;
			files = (
			);
			runOnlyForDeploymentPostprocessing = 0;
		};
/* End PBXResourcesBuildPhase section */

/* Begin PBXSourcesBuildPhase section */
		1EC8DDB41A6F554900FE44DD /* Sources */ = {
			isa = PBXSourcesBuildPhase;
			buildActionMask = 2147483647;
			files = (
				1EC8DDC01A6F554900FE44DD /* ViewController.swift in Sources */,
				1E6A16D61A7342C6006C1D06 /* Array+Extension.swift in Sources */,
				1EC8DE101A6F567500FE44DD /* SudokuCell.swift in Sources */,
				1EC8DDBE1A6F554900FE44DD /* AppDelegate.swift in Sources */,
				1E9A8AAE1A71F60600ABC531 /* SudokuBoard.swift in Sources */,
			);
			runOnlyForDeploymentPostprocessing = 0;
		};
		1EC8DDC91A6F554900FE44DD /* Sources */ = {
			isa = PBXSourcesBuildPhase;
			buildActionMask = 2147483647;
			files = (
				1EC8DE121A6F588600FE44DD /* SudokuCellTests.swift in Sources */,
				1EC8DE131A6F58CF00FE44DD /* SudokuCell.swift in Sources */,
				1EC8DDD41A6F554900FE44DD /* SudokuSwiftTests.swift in Sources */,
				1E6A16D71A7342CD006C1D06 /* Array+Extension.swift in Sources */,
				1E9A8AB01A71F97000ABC531 /* SudokuBoardTests.swift in Sources */,
				1E6A16D91A735591006C1D06 /* Array+ExtensionTests.swift in Sources */,
				1E9A8AB11A71F9CC00ABC531 /* SudokuBoard.swift in Sources */,
			);
			runOnlyForDeploymentPostprocessing = 0;
		};
/* End PBXSourcesBuildPhase section */

/* Begin PBXTargetDependency section */
		1EC8DDCF1A6F554900FE44DD /* PBXTargetDependency */ = {
			isa = PBXTargetDependency;
			target = 1EC8DDB71A6F554900FE44DD /* SudokuSwift */;
			targetProxy = 1EC8DDCE1A6F554900FE44DD /* PBXContainerItemProxy */;
		};
/* End PBXTargetDependency section */

/* Begin PBXVariantGroup section */
		1EC8DDC11A6F554900FE44DD /* Main.storyboard */ = {
			isa = PBXVariantGroup;
			children = (
				1EC8DDC21A6F554900FE44DD /* Base */,
			);
			name = Main.storyboard;
			sourceTree = "<group>";
		};
		1EC8DDC61A6F554900FE44DD /* LaunchScreen.xib */ = {
			isa = PBXVariantGroup;
			children = (
				1EC8DDC71A6F554900FE44DD /* Base */,
			);
			name = LaunchScreen.xib;
			sourceTree = "<group>";
		};
/* End PBXVariantGroup section */

/* Begin XCBuildConfiguration section */
		1EC8DDD51A6F554900FE44DD /* Debug */ = {
			isa = XCBuildConfiguration;
			buildSettings = {
				ALWAYS_SEARCH_USER_PATHS = NO;
				CLANG_CXX_LANGUAGE_STANDARD = "gnu++0x";
				CLANG_CXX_LIBRARY = "libc++";
				CLANG_ENABLE_MODULES = YES;
				CLANG_ENABLE_OBJC_ARC = YES;
				CLANG_WARN_BOOL_CONVERSION = YES;
				CLANG_WARN_CONSTANT_CONVERSION = YES;
				CLANG_WARN_DIRECT_OBJC_ISA_USAGE = YES_ERROR;
				CLANG_WARN_EMPTY_BODY = YES;
				CLANG_WARN_ENUM_CONVERSION = YES;
				CLANG_WARN_INT_CONVERSION = YES;
				CLANG_WARN_OBJC_ROOT_CLASS = YES_ERROR;
				CLANG_WARN_UNREACHABLE_CODE = YES;
				CLANG_WARN__DUPLICATE_METHOD_MATCH = YES;
				"CODE_SIGN_IDENTITY[sdk=iphoneos*]" = "iPhone Developer";
				COPY_PHASE_STRIP = NO;
				ENABLE_STRICT_OBJC_MSGSEND = YES;
				GCC_C_LANGUAGE_STANDARD = gnu99;
				GCC_DYNAMIC_NO_PIC = NO;
				GCC_OPTIMIZATION_LEVEL = 0;
				GCC_PREPROCESSOR_DEFINITIONS = (
					"DEBUG=1",
					"$(inherited)",
				);
				GCC_SYMBOLS_PRIVATE_EXTERN = NO;
				GCC_WARN_64_TO_32_BIT_CONVERSION = YES;
				GCC_WARN_ABOUT_RETURN_TYPE = YES_ERROR;
				GCC_WARN_UNDECLARED_SELECTOR = YES;
				GCC_WARN_UNINITIALIZED_AUTOS = YES_AGGRESSIVE;
				GCC_WARN_UNUSED_FUNCTION = YES;
				GCC_WARN_UNUSED_VARIABLE = YES;
				IPHONEOS_DEPLOYMENT_TARGET = 8.1;
				MTL_ENABLE_DEBUG_INFO = YES;
				ONLY_ACTIVE_ARCH = YES;
				SDKROOT = iphoneos;
				SWIFT_OPTIMIZATION_LEVEL = "-Onone";
			};
			name = Debug;
		};
		1EC8DDD61A6F554900FE44DD /* Release */ = {
			isa = XCBuildConfiguration;
			buildSettings = {
				ALWAYS_SEARCH_USER_PATHS = NO;
				CLANG_CXX_LANGUAGE_STANDARD = "gnu++0x";
				CLANG_CXX_LIBRARY = "libc++";
				CLANG_ENABLE_MODULES = YES;
				CLANG_ENABLE_OBJC_ARC = YES;
				CLANG_WARN_BOOL_CONVERSION = YES;
				CLANG_WARN_CONSTANT_CONVERSION = YES;
				CLANG_WARN_DIRECT_OBJC_ISA_USAGE = YES_ERROR;
				CLANG_WARN_EMPTY_BODY = YES;
				CLANG_WARN_ENUM_CONVERSION = YES;
				CLANG_WARN_INT_CONVERSION = YES;
				CLANG_WARN_OBJC_ROOT_CLASS = YES_ERROR;
				CLANG_WARN_UNREACHABLE_CODE = YES;
				CLANG_WARN__DUPLICATE_METHOD_MATCH = YES;
				"CODE_SIGN_IDENTITY[sdk=iphoneos*]" = "iPhone Developer";
				COPY_PHASE_STRIP = YES;
				ENABLE_NS_ASSERTIONS = NO;
				ENABLE_STRICT_OBJC_MSGSEND = YES;
				GCC_C_LANGUAGE_STANDARD = gnu99;
				GCC_WARN_64_TO_32_BIT_CONVERSION = YES;
				GCC_WARN_ABOUT_RETURN_TYPE = YES_ERROR;
				GCC_WARN_UNDECLARED_SELECTOR = YES;
				GCC_WARN_UNINITIALIZED_AUTOS = YES_AGGRESSIVE;
				GCC_WARN_UNUSED_FUNCTION = YES;
				GCC_WARN_UNUSED_VARIABLE = YES;
				IPHONEOS_DEPLOYMENT_TARGET = 8.1;
				MTL_ENABLE_DEBUG_INFO = NO;
				SDKROOT = iphoneos;
				VALIDATE_PRODUCT = YES;
			};
			name = Release;
		};
		1EC8DDD81A6F554900FE44DD /* Debug */ = {
			isa = XCBuildConfiguration;
			buildSettings = {
				ASSETCATALOG_COMPILER_APPICON_NAME = AppIcon;
				INFOPLIST_FILE = SudokuSwift/Info.plist;
				LD_RUNPATH_SEARCH_PATHS = "$(inherited) @executable_path/Frameworks";
				PRODUCT_NAME = "$(TARGET_NAME)";
			};
			name = Debug;
		};
		1EC8DDD91A6F554900FE44DD /* Release */ = {
			isa = XCBuildConfiguration;
			buildSettings = {
				ASSETCATALOG_COMPILER_APPICON_NAME = AppIcon;
				INFOPLIST_FILE = SudokuSwift/Info.plist;
				LD_RUNPATH_SEARCH_PATHS = "$(inherited) @executable_path/Frameworks";
				PRODUCT_NAME = "$(TARGET_NAME)";
			};
			name = Release;
		};
		1EC8DDDB1A6F554900FE44DD /* Debug */ = {
			isa = XCBuildConfiguration;
			buildSettings = {
				BUNDLE_LOADER = "$(TEST_HOST)";
				FRAMEWORK_SEARCH_PATHS = (
					"$(SDKROOT)/Developer/Library/Frameworks",
					"$(inherited)",
				);
				GCC_PREPROCESSOR_DEFINITIONS = (
					"DEBUG=1",
					"$(inherited)",
				);
				INFOPLIST_FILE = SudokuSwiftTests/Info.plist;
				LD_RUNPATH_SEARCH_PATHS = "$(inherited) @executable_path/Frameworks @loader_path/Frameworks";
				PRODUCT_NAME = "$(TARGET_NAME)";
				TEST_HOST = "$(BUILT_PRODUCTS_DIR)/SudokuSwift.app/SudokuSwift";
			};
			name = Debug;
		};
		1EC8DDDC1A6F554900FE44DD /* Release */ = {
			isa = XCBuildConfiguration;
			buildSettings = {
				BUNDLE_LOADER = "$(TEST_HOST)";
				FRAMEWORK_SEARCH_PATHS = (
					"$(SDKROOT)/Developer/Library/Frameworks",
					"$(inherited)",
				);
				INFOPLIST_FILE = SudokuSwiftTests/Info.plist;
				LD_RUNPATH_SEARCH_PATHS = "$(inherited) @executable_path/Frameworks @loader_path/Frameworks";
				PRODUCT_NAME = "$(TARGET_NAME)";
				TEST_HOST = "$(BUILT_PRODUCTS_DIR)/SudokuSwift.app/SudokuSwift";
			};
			name = Release;
		};
/* End XCBuildConfiguration section */

/* Begin XCConfigurationList section */
		1EC8DDB31A6F554900FE44DD /* Build configuration list for PBXProject "SudokuSwift" */ = {
			isa = XCConfigurationList;
			buildConfigurations = (
				1EC8DDD51A6F554900FE44DD /* Debug */,
				1EC8DDD61A6F554900FE44DD /* Release */,
			);
			defaultConfigurationIsVisible = 0;
			defaultConfigurationName = Release;
		};
		1EC8DDD71A6F554900FE44DD /* Build configuration list for PBXNativeTarget "SudokuSwift" */ = {
			isa = XCConfigurationList;
			buildConfigurations = (
				1EC8DDD81A6F554900FE44DD /* Debug */,
				1EC8DDD91A6F554900FE44DD /* Release */,
			);
			defaultConfigurationIsVisible = 0;
			defaultConfigurationName = Release;
		};
		1EC8DDDA1A6F554900FE44DD /* Build configuration list for PBXNativeTarget "SudokuSwiftTests" */ = {
			isa = XCConfigurationList;
			buildConfigurations = (
				1EC8DDDB1A6F554900FE44DD /* Debug */,
				1EC8DDDC1A6F554900FE44DD /* Release */,
			);
			defaultConfigurationIsVisible = 0;
			defaultConfigurationName = Release;
		};
/* End XCConfigurationList section */
	};
	rootObject = 1EC8DDB01A6F554900FE44DD /* Project object */;
}
